
Microsoft Visual Studio Solution File, Format Version 12.00
# Visual Studio Version 16
VisualStudioVersion = 16.0.29613.14
MinimumVisualStudioVersion = 10.0.40219.1
Project("{9A19103F-16F7-4668-BE54-9A1E7A4F7556}") = "ILBLI.Unity", "ILBLI.Core\ILBLI.Unity.csproj", "{4AF52266-23E6-439E-84DE-E1A99357392B}"
EndProject
Project("{9A19103F-16F7-4668-BE54-9A1E7A4F7556}") = "ILBLI.Model", "ILBLI.Model\ILBLI.Model.csproj", "{45417EB9-675F-4536-ABFC-C8E9425229B3}"
EndProject
Project("{9A19103F-16F7-4668-BE54-9A1E7A4F7556}") = "ILBLI.IRepository", "ILBLI.IRepository\ILBLI.IRepository.csproj", "{BC393648-FB63-462E-83E9-C0092151568D}"
EndProject
Project("{9A19103F-16F7-4668-BE54-9A1E7A4F7556}") = "ILBLI.Repository", "ILBLI.Repository\ILBLI.Repository.csproj", "{414C28A8-6889-4F77-9B1C-86DA5C494EAC}"
EndProject
Project("{9A19103F-16F7-4668-BE54-9A1E7A4F7556}") = "ILBLI.WebAPI", "ILBLI.WebAPI\ILBLI.WebAPI.csproj", "{9603CDAD-1E15-40B0-9244-AD7107E3720E}"
EndProject
Project("{2150E333-8FDC-42A3-9474-1A3956D46DE8}") = "Unity", "Unity", "{37F79BAC-2F23-49A1-84D7-185B4D1DA18A}"
EndProject
Project("{2150E333-8FDC-42A3-9474-1A3956D46DE8}") = "SqlData", "SqlData", "{23502B70-43AD-4D44-A7C5-C43E35C53D99}"
EndProject
Project("{9A19103F-16F7-4668-BE54-9A1E7A4F7556}") = "ILBLI.SqlSugar", "Unity\SqlData\ILBLI.SqlSugar\ILBLI.SqlSugar.csproj", "{725100A8-27A6-4AD5-8CF1-1B13ECC99F12}"
EndProject
Project("{9A19103F-16F7-4668-BE54-9A1E7A4F7556}") = "ILBLI.IService", "ILBLI.IService\ILBLI.IService.csproj", "{FA62CD62-D7FE-4291-BC02-55BB6E84BAE8}"
EndProject
Project("{9A19103F-16F7-4668-BE54-9A1E7A4F7556}") = "ILBLI.Service", "ILBLI.Service\ILBLI.Service.csproj", "{C658CE38-33EE-47CC-A724-05589DE4A715}"
EndProject
Project("{2150E333-8FDC-42A3-9474-1A3956D46DE8}") = "Container", "Container", "{BCE7E16C-3541-4061-A00B-8CA98BCE2EF8}"
EndProject
Project("{9A19103F-16F7-4668-BE54-9A1E7A4F7556}") = "ILBLI.Autofac", "Unity\Container\ILBLI.Autofac\ILBLI.Autofac.csproj", "{CCB4DDCE-B1B5-40BA-91D3-FEAEFB3C810A}"
EndProject
Project("{2150E333-8FDC-42A3-9474-1A3956D46DE8}") = "Mapper", "Mapper", "{A2FEC826-303E-4FB1-A481-A0AF5853999A}"
EndProject
Project("{9A19103F-16F7-4668-BE54-9A1E7A4F7556}") = "ILBLI.AutoMapper", "Unity\Mapper\ILBLI.AutoMapper\ILBLI.AutoMapper.csproj", "{58A7DDF0-A49C-4A16-B69E-546E016D15F2}"
EndProject
Project("{2150E333-8FDC-42A3-9474-1A3956D46DE8}") = "Authication", "Authication", "{5DA0007C-0A40-424C-8A06-CA7E14437F75}"
EndProject
Project("{9A19103F-16F7-4668-BE54-9A1E7A4F7556}") = "ILBLI.CustomAuthication", "Unity\Authication\ILBLI.CustomAuthication\ILBLI.CustomAuthication.csproj", "{EAA98B27-10FA-417A-AF8B-1AB6B837657D}"
EndProject
Project("{9A19103F-16F7-4668-BE54-9A1E7A4F7556}") = "ILBLI.JwtAuthication", "Unity\Authication\ILBLI.JwtAuthication\ILBLI.JwtAuthication.csproj", "{131B60A3-EF1E-41AE-B6C9-CB60C24BF6B0}"
EndProject
Project("{2150E333-8FDC-42A3-9474-1A3956D46DE8}") = "Cache", "Cache", "{C1029D0B-734A-4E3C-9C70-73C04D326C19}"
EndProject
Project("{9A19103F-16F7-4668-BE54-9A1E7A4F7556}") = "ILBLI.Redis", "Unity\Cache\ILBLI.Redis\ILBLI.Redis.csproj", "{E21ECC3D-CF7D-443F-B9EF-3C00FF57C16C}"
EndProject
Project("{2150E333-8FDC-42A3-9474-1A3956D46DE8}") = "Tools", "Tools", "{EFC4EF79-7F58-4F9B-9528-D08138D12C57}"
EndProject
Project("{9A19103F-16F7-4668-BE54-9A1E7A4F7556}") = "ILBLI.SnowFlak", "Unity\Tools\SnowFlak\ILBLI.SnowFlak.csproj", "{4F7ED2DF-9E80-4AF1-9164-B63212A1052C}"
EndProject
Project("{9A19103F-16F7-4668-BE54-9A1E7A4F7556}") = "ILBLI.Tool", "Unity\ILBLI.Tool\ILBLI.Tool.csproj", "{52051ACE-8179-43A7-A7FF-6EE9E35B7019}"
EndProject
Project("{9A19103F-16F7-4668-BE54-9A1E7A4F7556}") = "ILBLI.RabbitMQ", "Unity\Cache\ILBLI.RabbitMQ\ILBLI.RabbitMQ.csproj", "{192237D0-75D4-40DF-99D3-D213C94D46D0}"
EndProject
Project("{2150E333-8FDC-42A3-9474-1A3956D46DE8}") = "Test", "Test", "{063A2754-24F4-4F80-A20A-067E0451D2C1}"
EndProject
Project("{9A19103F-16F7-4668-BE54-9A1E7A4F7556}") = "SC.Service", "Test\SC.Service\SC.Service.csproj", "{4132E2B1-929E-42FD-9434-3F03B03F1E45}"
EndProject
Project("{9A19103F-16F7-4668-BE54-9A1E7A4F7556}") = "XF.Service", "Test\XF.Service\XF.Service.csproj", "{856E5568-57CF-43A3-8A79-ECCBCD0700A9}"
EndProject
Project("{FAE04EC0-301F-11D3-BF4B-00C04F79EFBC}") = "CS.Service", "Test\CS.Service\CS.Service.csproj", "{D7400B44-CF0E-4C1B-9501-77C0249A207A}"
EndProject
Global
	GlobalSection(SolutionConfigurationPlatforms) = preSolution
		Debug|Any CPU = Debug|Any CPU
		Release|Any CPU = Release|Any CPU
	EndGlobalSection
	GlobalSection(ProjectConfigurationPlatforms) = postSolution
		{4AF52266-23E6-439E-84DE-E1A99357392B}.Debug|Any CPU.ActiveCfg = Debug|Any CPU
		{4AF52266-23E6-439E-84DE-E1A99357392B}.Debug|Any CPU.Build.0 = Debug|Any CPU
		{4AF52266-23E6-439E-84DE-E1A99357392B}.Release|Any CPU.ActiveCfg = Release|Any CPU
		{4AF52266-23E6-439E-84DE-E1A99357392B}.Release|Any CPU.Build.0 = Release|Any CPU
		{45417EB9-675F-4536-ABFC-C8E9425229B3}.Debug|Any CPU.ActiveCfg = Debug|Any CPU
		{45417EB9-675F-4536-ABFC-C8E9425229B3}.Debug|Any CPU.Build.0 = Debug|Any CPU
		{45417EB9-675F-4536-ABFC-C8E9425229B3}.Release|Any CPU.ActiveCfg = Release|Any CPU
		{45417EB9-675F-4536-ABFC-C8E9425229B3}.Release|Any CPU.Build.0 = Release|Any CPU
		{BC393648-FB63-462E-83E9-C0092151568D}.Debug|Any CPU.ActiveCfg = Debug|Any CPU
		{BC393648-FB63-462E-83E9-C0092151568D}.Debug|Any CPU.Build.0 = Debug|Any CPU
		{BC393648-FB63-462E-83E9-C0092151568D}.Release|Any CPU.ActiveCfg = Release|Any CPU
		{BC393648-FB63-462E-83E9-C0092151568D}.Release|Any CPU.Build.0 = Release|Any CPU
		{414C28A8-6889-4F77-9B1C-86DA5C494EAC}.Debug|Any CPU.ActiveCfg = Debug|Any CPU
		{414C28A8-6889-4F77-9B1C-86DA5C494EAC}.Debug|Any CPU.Build.0 = Debug|Any CPU
		{414C28A8-6889-4F77-9B1C-86DA5C494EAC}.Release|Any CPU.ActiveCfg = Release|Any CPU
		{414C28A8-6889-4F77-9B1C-86DA5C494EAC}.Release|Any CPU.Build.0 = Release|Any CPU
		{9603CDAD-1E15-40B0-9244-AD7107E3720E}.Debug|Any CPU.ActiveCfg = Debug|Any CPU
		{9603CDAD-1E15-40B0-9244-AD7107E3720E}.Debug|Any CPU.Build.0 = Debug|Any CPU
		{9603CDAD-1E15-40B0-9244-AD7107E3720E}.Release|Any CPU.ActiveCfg = Release|Any CPU
		{9603CDAD-1E15-40B0-9244-AD7107E3720E}.Release|Any CPU.Build.0 = Release|Any CPU
		{725100A8-27A6-4AD5-8CF1-1B13ECC99F12}.Debug|Any CPU.ActiveCfg = Debug|Any CPU
		{725100A8-27A6-4AD5-8CF1-1B13ECC99F12}.Debug|Any CPU.Build.0 = Debug|Any CPU
		{725100A8-27A6-4AD5-8CF1-1B13ECC99F12}.Release|Any CPU.ActiveCfg = Release|Any CPU
		{725100A8-27A6-4AD5-8CF1-1B13ECC99F12}.Release|Any CPU.Build.0 = Release|Any CPU
		{FA62CD62-D7FE-4291-BC02-55BB6E84BAE8}.Debug|Any CPU.ActiveCfg = Debug|Any CPU
		{FA62CD62-D7FE-4291-BC02-55BB6E84BAE8}.Debug|Any CPU.Build.0 = Debug|Any CPU
		{FA62CD62-D7FE-4291-BC02-55BB6E84BAE8}.Release|Any CPU.ActiveCfg = Release|Any CPU
		{FA62CD62-D7FE-4291-BC02-55BB6E84BAE8}.Release|Any CPU.Build.0 = Release|Any CPU
		{C658CE38-33EE-47CC-A724-05589DE4A715}.Debug|Any CPU.ActiveCfg = Debug|Any CPU
		{C658CE38-33EE-47CC-A724-05589DE4A715}.Debug|Any CPU.Build.0 = Debug|Any CPU
		{C658CE38-33EE-47CC-A724-05589DE4A715}.Release|Any CPU.ActiveCfg = Release|Any CPU
		{C658CE38-33EE-47CC-A724-05589DE4A715}.Release|Any CPU.Build.0 = Release|Any CPU
		{CCB4DDCE-B1B5-40BA-91D3-FEAEFB3C810A}.Debug|Any CPU.ActiveCfg = Debug|Any CPU
		{CCB4DDCE-B1B5-40BA-91D3-FEAEFB3C810A}.Debug|Any CPU.Build.0 = Debug|Any CPU
		{CCB4DDCE-B1B5-40BA-91D3-FEAEFB3C810A}.Release|Any CPU.ActiveCfg = Release|Any CPU
		{CCB4DDCE-B1B5-40BA-91D3-FEAEFB3C810A}.Release|Any CPU.Build.0 = Release|Any CPU
		{58A7DDF0-A49C-4A16-B69E-546E016D15F2}.Debug|Any CPU.ActiveCfg = Debug|Any CPU
		{58A7DDF0-A49C-4A16-B69E-546E016D15F2}.Debug|Any CPU.Build.0 = Debug|Any CPU
		{58A7DDF0-A49C-4A16-B69E-546E016D15F2}.Release|Any CPU.ActiveCfg = Release|Any CPU
		{58A7DDF0-A49C-4A16-B69E-546E016D15F2}.Release|Any CPU.Build.0 = Release|Any CPU
		{EAA98B27-10FA-417A-AF8B-1AB6B837657D}.Debug|Any CPU.ActiveCfg = Debug|Any CPU
		{EAA98B27-10FA-417A-AF8B-1AB6B837657D}.Debug|Any CPU.Build.0 = Debug|Any CPU
		{EAA98B27-10FA-417A-AF8B-1AB6B837657D}.Release|Any CPU.ActiveCfg = Release|Any CPU
		{EAA98B27-10FA-417A-AF8B-1AB6B837657D}.Release|Any CPU.Build.0 = Release|Any CPU
		{131B60A3-EF1E-41AE-B6C9-CB60C24BF6B0}.Debug|Any CPU.ActiveCfg = Debug|Any CPU
		{131B60A3-EF1E-41AE-B6C9-CB60C24BF6B0}.Debug|Any CPU.Build.0 = Debug|Any CPU
		{131B60A3-EF1E-41AE-B6C9-CB60C24BF6B0}.Release|Any CPU.ActiveCfg = Release|Any CPU
		{131B60A3-EF1E-41AE-B6C9-CB60C24BF6B0}.Release|Any CPU.Build.0 = Release|Any CPU
		{E21ECC3D-CF7D-443F-B9EF-3C00FF57C16C}.Debug|Any CPU.ActiveCfg = Debug|Any CPU
		{E21ECC3D-CF7D-443F-B9EF-3C00FF57C16C}.Debug|Any CPU.Build.0 = Debug|Any CPU
		{E21ECC3D-CF7D-443F-B9EF-3C00FF57C16C}.Release|Any CPU.ActiveCfg = Release|Any CPU
		{E21ECC3D-CF7D-443F-B9EF-3C00FF57C16C}.Release|Any CPU.Build.0 = Release|Any CPU
		{4F7ED2DF-9E80-4AF1-9164-B63212A1052C}.Debug|Any CPU.ActiveCfg = Debug|Any CPU
		{4F7ED2DF-9E80-4AF1-9164-B63212A1052C}.Debug|Any CPU.Build.0 = Debug|Any CPU
		{4F7ED2DF-9E80-4AF1-9164-B63212A1052C}.Release|Any CPU.ActiveCfg = Release|Any CPU
		{4F7ED2DF-9E80-4AF1-9164-B63212A1052C}.Release|Any CPU.Build.0 = Release|Any CPU
		{52051ACE-8179-43A7-A7FF-6EE9E35B7019}.Debug|Any CPU.ActiveCfg = Debug|Any CPU
		{52051ACE-8179-43A7-A7FF-6EE9E35B7019}.Debug|Any CPU.Build.0 = Debug|Any CPU
		{52051ACE-8179-43A7-A7FF-6EE9E35B7019}.Release|Any CPU.ActiveCfg = Release|Any CPU
		{52051ACE-8179-43A7-A7FF-6EE9E35B7019}.Release|Any CPU.Build.0 = Release|Any CPU
		{192237D0-75D4-40DF-99D3-D213C94D46D0}.Debug|Any CPU.ActiveCfg = Debug|Any CPU
		{192237D0-75D4-40DF-99D3-D213C94D46D0}.Debug|Any CPU.Build.0 = Debug|Any CPU
		{192237D0-75D4-40DF-99D3-D213C94D46D0}.Release|Any CPU.ActiveCfg = Release|Any CPU
		{192237D0-75D4-40DF-99D3-D213C94D46D0}.Release|Any CPU.Build.0 = Release|Any CPU
		{4132E2B1-929E-42FD-9434-3F03B03F1E45}.Debug|Any CPU.ActiveCfg = Debug|Any CPU
		{4132E2B1-929E-42FD-9434-3F03B03F1E45}.Debug|Any CPU.Build.0 = Debug|Any CPU
		{4132E2B1-929E-42FD-9434-3F03B03F1E45}.Release|Any CPU.ActiveCfg = Release|Any CPU
		{4132E2B1-929E-42FD-9434-3F03B03F1E45}.Release|Any CPU.Build.0 = Release|Any CPU
		{856E5568-57CF-43A3-8A79-ECCBCD0700A9}.Debug|Any CPU.ActiveCfg = Debug|Any CPU
		{856E5568-57CF-43A3-8A79-ECCBCD0700A9}.Debug|Any CPU.Build.0 = Debug|Any CPU
		{856E5568-57CF-43A3-8A79-ECCBCD0700A9}.Release|Any CPU.ActiveCfg = Release|Any CPU
		{856E5568-57CF-43A3-8A79-ECCBCD0700A9}.Release|Any CPU.Build.0 = Release|Any CPU
		{D7400B44-CF0E-4C1B-9501-77C0249A207A}.Debug|Any CPU.ActiveCfg = Debug|Any CPU
		{D7400B44-CF0E-4C1B-9501-77C0249A207A}.Debug|Any CPU.Build.0 = Debug|Any CPU
		{D7400B44-CF0E-4C1B-9501-77C0249A207A}.Release|Any CPU.ActiveCfg = Release|Any CPU
		{D7400B44-CF0E-4C1B-9501-77C0249A207A}.Release|Any CPU.Build.0 = Release|Any CPU
	EndGlobalSection
	GlobalSection(SolutionProperties) = preSolution
		HideSolutionNode = FALSE
	EndGlobalSection
	GlobalSection(NestedProjects) = preSolution
		{23502B70-43AD-4D44-A7C5-C43E35C53D99} = {37F79BAC-2F23-49A1-84D7-185B4D1DA18A}
		{725100A8-27A6-4AD5-8CF1-1B13ECC99F12} = {23502B70-43AD-4D44-A7C5-C43E35C53D99}
		{BCE7E16C-3541-4061-A00B-8CA98BCE2EF8} = {37F79BAC-2F23-49A1-84D7-185B4D1DA18A}
		{CCB4DDCE-B1B5-40BA-91D3-FEAEFB3C810A} = {BCE7E16C-3541-4061-A00B-8CA98BCE2EF8}
		{A2FEC826-303E-4FB1-A481-A0AF5853999A} = {37F79BAC-2F23-49A1-84D7-185B4D1DA18A}
		{58A7DDF0-A49C-4A16-B69E-546E016D15F2} = {A2FEC826-303E-4FB1-A481-A0AF5853999A}
		{5DA0007C-0A40-424C-8A06-CA7E14437F75} = {37F79BAC-2F23-49A1-84D7-185B4D1DA18A}
		{EAA98B27-10FA-417A-AF8B-1AB6B837657D} = {5DA0007C-0A40-424C-8A06-CA7E14437F75}
		{131B60A3-EF1E-41AE-B6C9-CB60C24BF6B0} = {5DA0007C-0A40-424C-8A06-CA7E14437F75}
		{C1029D0B-734A-4E3C-9C70-73C04D326C19} = {37F79BAC-2F23-49A1-84D7-185B4D1DA18A}
		{E21ECC3D-CF7D-443F-B9EF-3C00FF57C16C} = {C1029D0B-734A-4E3C-9C70-73C04D326C19}
		{EFC4EF79-7F58-4F9B-9528-D08138D12C57} = {37F79BAC-2F23-49A1-84D7-185B4D1DA18A}
		{4F7ED2DF-9E80-4AF1-9164-B63212A1052C} = {EFC4EF79-7F58-4F9B-9528-D08138D12C57}
		{52051ACE-8179-43A7-A7FF-6EE9E35B7019} = {37F79BAC-2F23-49A1-84D7-185B4D1DA18A}
		{192237D0-75D4-40DF-99D3-D213C94D46D0} = {C1029D0B-734A-4E3C-9C70-73C04D326C19}
		{4132E2B1-929E-42FD-9434-3F03B03F1E45} = {063A2754-24F4-4F80-A20A-067E0451D2C1}
		{856E5568-57CF-43A3-8A79-ECCBCD0700A9} = {063A2754-24F4-4F80-A20A-067E0451D2C1}
		{D7400B44-CF0E-4C1B-9501-77C0249A207A} = {063A2754-24F4-4F80-A20A-067E0451D2C1}
	EndGlobalSection
	GlobalSection(ExtensibilityGlobals) = postSolution
		SolutionGuid = {2A537015-DC75-4919-8F78-6B11E4B3B86C}
	EndGlobalSection
EndGlobal
